
Microsoft Visual Studio Solution File, Format Version 12.00
# Visual Studio Version 17
VisualStudioVersion = 17.6.33829.357
MinimumVisualStudioVersion = 10.0.40219.1
Project("{FAE04EC0-301F-11D3-BF4B-00C04F79EFBC}") = "UrlHitting", "UrlHitting\UrlHitting.csproj", "{06553A47-BB59-4DF0-AA69-638F0DF40E4C}"
EndProject
Global
	GlobalSection(SolutionConfigurationPlatforms) = preSolution
		Debug|Any CPU = Debug|Any CPU
		Release|Any CPU = Release|Any CPU
	EndGlobalSection
	GlobalSection(ProjectConfigurationPlatforms) = postSolution
		{06553A47-BB59-4DF0-AA69-638F0DF40E4C}.Debug|Any CPU.ActiveCfg = Debug|Any CPU
		{06553A47-BB59-4DF0-AA69-638F0DF40E4C}.Debug|Any CPU.Build.0 = Debug|Any CPU
		{06553A47-BB59-4DF0-AA69-638F0DF40E4C}.Release|Any CPU.ActiveCfg = Release|Any CPU
		{06553A47-BB59-4DF0-AA69-638F0DF40E4C}.Release|Any CPU.Build.0 = Release|Any CPU
	EndGlobalSection
	GlobalSection(SolutionProperties) = preSolution
		HideSolutionNode = FALSE
	EndGlobalSection
	GlobalSection(ExtensibilityGlobals) = postSolution
		SolutionGuid = {84E9C67C-556B-412C-A081-85EC493C8FA8}
	EndGlobalSection
EndGlobal
